
Microsoft Visual Studio Solution File, Format Version 12.00
# Visual Studio 15
VisualStudioVersion = 15.0.28307.852
MinimumVisualStudioVersion = 10.0.40219.1
Project("{FAE04EC0-301F-11D3-BF4B-00C04F79EFBC}") = "FinalLabo2", "FinalLabo2\FinalLabo2.csproj", "{641C3BAF-90EE-49E8-8B99-C6B697923A65}"
EndProject
Global
	GlobalSection(SolutionConfigurationPlatforms) = preSolution
		Debug|Any CPU = Debug|Any CPU
		Release|Any CPU = Release|Any CPU
	EndGlobalSection
	GlobalSection(ProjectConfigurationPlatforms) = postSolution
		{641C3BAF-90EE-49E8-8B99-C6B697923A65}.Debug|Any CPU.ActiveCfg = Debug|Any CPU
		{641C3BAF-90EE-49E8-8B99-C6B697923A65}.Debug|Any CPU.Build.0 = Debug|Any CPU
		{641C3BAF-90EE-49E8-8B99-C6B697923A65}.Release|Any CPU.ActiveCfg = Release|Any CPU
		{641C3BAF-90EE-49E8-8B99-C6B697923A65}.Release|Any CPU.Build.0 = Release|Any CPU
	EndGlobalSection
	GlobalSection(SolutionProperties) = preSolution
		HideSolutionNode = FALSE
	EndGlobalSection
	GlobalSection(ExtensibilityGlobals) = postSolution
		SolutionGuid = {7E04A12B-06D3-4357-8AFE-BDB224A741F7}
	EndGlobalSection
EndGlobal
